
Microsoft Visual Studio Solution File, Format Version 12.00
# Visual Studio Version 17
VisualStudioVersion = 17.3.32922.545
MinimumVisualStudioVersion = 10.0.40219.1
Project("{FAE04EC0-301F-11D3-BF4B-00C04F79EFBC}") = "SachOnline", "SachOnline.csproj", "{498717F7-A47E-4AB5-A332-731C7BF310D0}"
EndProject
Global
	GlobalSection(SolutionConfigurationPlatforms) = preSolution
		Debug|Any CPU = Debug|Any CPU
		Release|Any CPU = Release|Any CPU
	EndGlobalSection
	GlobalSection(ProjectConfigurationPlatforms) = postSolution
		{498717F7-A47E-4AB5-A332-731C7BF310D0}.Debug|Any CPU.ActiveCfg = Debug|Any CPU
		{498717F7-A47E-4AB5-A332-731C7BF310D0}.Debug|Any CPU.Build.0 = Debug|Any CPU
		{498717F7-A47E-4AB5-A332-731C7BF310D0}.Release|Any CPU.ActiveCfg = Release|Any CPU
		{498717F7-A47E-4AB5-A332-731C7BF310D0}.Release|Any CPU.Build.0 = Release|Any CPU
	EndGlobalSection
	GlobalSection(SolutionProperties) = preSolution
		HideSolutionNode = FALSE
	EndGlobalSection
	GlobalSection(ExtensibilityGlobals) = postSolution
		SolutionGuid = {57DEBD21-83E7-4475-AE74-0C5CC68EDF97}
	EndGlobalSection
EndGlobal
